{
    "_readme": [
        "This file locks the dependencies of your project to a known state",
        "Read more about it at https://getcomposer.org/doc/01-basic-usage.md#composer-lock-the-lock-file",
        "This file is @generated automatically"
    ],
    "content-hash": "aacd6d988cbce086b8d5854ca5574006",
    "packages": [
        {
            "name": "hiwx/interfaces",
            "version": "dev-master",
            "source": {
                "type": "git",
                "url": "https://github.com/wanxiangcc/interfaces.git",
                "reference": "680843da72a503c65747c1a7f200ffa3f271f884"
            },
            "dist": {
                "type": "zip",
                "url": "https://api.github.com/repos/wanxiangcc/interfaces/zipball/680843da72a503c65747c1a7f200ffa3f271f884",
                "reference": "680843da72a503c65747c1a7f200ffa3f271f884",
                "shasum": ""
            },
            "require": {
                "php": ">=5.6"
            },
            "type": "library",
            "autoload": {
                "psr-4": {
                    "Hi\\Interfaces\\": "src/"
                }
            },
            "notification-url": "https://packagist.org/downloads/",
            "license": [
                "MIT"
            ],
            "description": "simple and light interfaces",
            "homepage": "https://github.com/wanxiangcc",
            "keywords": [
                "framework",
                "interface"
            ],
            "time": "2018-09-27 06:26:17"
        }
    ],
    "packages-dev": [],
    "aliases": [],
    "minimum-stability": "stable",
    "stability-flags": {
        "hiwx/interfaces": 20
    },
    "prefer-stable": false,
    "prefer-lowest": false,
    "platform": {
        "php": ">=5.6"
    },
    "platform-dev": []
}
